
Microsoft Visual Studio Solution File, Format Version 12.00
# Visual Studio Version 16
VisualStudioVersion = 16.0.30225.117
MinimumVisualStudioVersion = 10.0.40219.1
Project("{FAE04EC0-301F-11D3-BF4B-00C04F79EFBC}") = "optional_arguments", "optional_arguments\optional_arguments.csproj", "{F8AE1C95-7A7B-47B5-B6D1-E7D371172027}"
EndProject
Global
	GlobalSection(SolutionConfigurationPlatforms) = preSolution
		Debug|Any CPU = Debug|Any CPU
		Release|Any CPU = Release|Any CPU
	EndGlobalSection
	GlobalSection(ProjectConfigurationPlatforms) = postSolution
		{F8AE1C95-7A7B-47B5-B6D1-E7D371172027}.Debug|Any CPU.ActiveCfg = Debug|Any CPU
		{F8AE1C95-7A7B-47B5-B6D1-E7D371172027}.Debug|Any CPU.Build.0 = Debug|Any CPU
		{F8AE1C95-7A7B-47B5-B6D1-E7D371172027}.Release|Any CPU.ActiveCfg = Release|Any CPU
		{F8AE1C95-7A7B-47B5-B6D1-E7D371172027}.Release|Any CPU.Build.0 = Release|Any CPU
	EndGlobalSection
	GlobalSection(SolutionProperties) = preSolution
		HideSolutionNode = FALSE
	EndGlobalSection
	GlobalSection(ExtensibilityGlobals) = postSolution
		SolutionGuid = {6191915A-4E92-4778-B892-655C2B1733D7}
	EndGlobalSection
EndGlobal
